
Microsoft Visual Studio Solution File, Format Version 12.00
# Visual Studio Version 17
VisualStudioVersion = 17.8.34408.163
MinimumVisualStudioVersion = 10.0.40219.1
Project("{9A19103F-16F7-4668-BE54-9A1E7A4F7556}") = "mission11", "mission11\mission11.csproj", "{CF09992D-C0DD-4347-BB12-ACC99B543C9D}"
EndProject
Global
	GlobalSection(SolutionConfigurationPlatforms) = preSolution
		Debug|Any CPU = Debug|Any CPU
		Release|Any CPU = Release|Any CPU
	EndGlobalSection
	GlobalSection(ProjectConfigurationPlatforms) = postSolution
		{CF09992D-C0DD-4347-BB12-ACC99B543C9D}.Debug|Any CPU.ActiveCfg = Debug|Any CPU
		{CF09992D-C0DD-4347-BB12-ACC99B543C9D}.Debug|Any CPU.Build.0 = Debug|Any CPU
		{CF09992D-C0DD-4347-BB12-ACC99B543C9D}.Release|Any CPU.ActiveCfg = Release|Any CPU
		{CF09992D-C0DD-4347-BB12-ACC99B543C9D}.Release|Any CPU.Build.0 = Release|Any CPU
	EndGlobalSection
	GlobalSection(SolutionProperties) = preSolution
		HideSolutionNode = FALSE
	EndGlobalSection
	GlobalSection(ExtensibilityGlobals) = postSolution
		SolutionGuid = {64119AE7-9968-4BE6-8B71-440140B57A20}
	EndGlobalSection
EndGlobal
